
Microsoft Visual Studio Solution File, Format Version 12.00
# Visual Studio Version 17
VisualStudioVersion = 17.7.34031.279
MinimumVisualStudioVersion = 10.0.40219.1
Project("{FAE04EC0-301F-11D3-BF4B-00C04F79EFBC}") = "project1", "project1\project1.csproj", "{EBD9A7F7-1157-4176-94C3-CD127DA4BA12}"
EndProject
Global
	GlobalSection(SolutionConfigurationPlatforms) = preSolution
		Debug|Any CPU = Debug|Any CPU
		Release|Any CPU = Release|Any CPU
	EndGlobalSection
	GlobalSection(ProjectConfigurationPlatforms) = postSolution
		{EBD9A7F7-1157-4176-94C3-CD127DA4BA12}.Debug|Any CPU.ActiveCfg = Debug|Any CPU
		{EBD9A7F7-1157-4176-94C3-CD127DA4BA12}.Debug|Any CPU.Build.0 = Debug|Any CPU
		{EBD9A7F7-1157-4176-94C3-CD127DA4BA12}.Debug|Any CPU.Deploy.0 = Debug|Any CPU
		{EBD9A7F7-1157-4176-94C3-CD127DA4BA12}.Release|Any CPU.ActiveCfg = Release|Any CPU
		{EBD9A7F7-1157-4176-94C3-CD127DA4BA12}.Release|Any CPU.Build.0 = Release|Any CPU
		{EBD9A7F7-1157-4176-94C3-CD127DA4BA12}.Release|Any CPU.Deploy.0 = Release|Any CPU
	EndGlobalSection
	GlobalSection(SolutionProperties) = preSolution
		HideSolutionNode = FALSE
	EndGlobalSection
	GlobalSection(ExtensibilityGlobals) = postSolution
		SolutionGuid = {98C8DBE5-9603-4D7E-B492-58018A0D2406}
	EndGlobalSection
EndGlobal
